
Microsoft Visual Studio Solution File, Format Version 12.00
# Visual Studio Version 17
VisualStudioVersion = 17.6.33829.357
MinimumVisualStudioVersion = 10.0.40219.1
Project("{FAE04EC0-301F-11D3-BF4B-00C04F79EFBC}") = "Assignment-3-3", "Assignment-3-3.csproj", "{02BDD6C8-DB6C-47CF-87F4-EE2F57A524BF}"
EndProject
Global
	GlobalSection(SolutionConfigurationPlatforms) = preSolution
		Debug|Any CPU = Debug|Any CPU
		Release|Any CPU = Release|Any CPU
	EndGlobalSection
	GlobalSection(ProjectConfigurationPlatforms) = postSolution
		{02BDD6C8-DB6C-47CF-87F4-EE2F57A524BF}.Debug|Any CPU.ActiveCfg = Debug|Any CPU
		{02BDD6C8-DB6C-47CF-87F4-EE2F57A524BF}.Debug|Any CPU.Build.0 = Debug|Any CPU
		{02BDD6C8-DB6C-47CF-87F4-EE2F57A524BF}.Release|Any CPU.ActiveCfg = Release|Any CPU
		{02BDD6C8-DB6C-47CF-87F4-EE2F57A524BF}.Release|Any CPU.Build.0 = Release|Any CPU
	EndGlobalSection
	GlobalSection(SolutionProperties) = preSolution
		HideSolutionNode = FALSE
	EndGlobalSection
	GlobalSection(ExtensibilityGlobals) = postSolution
		SolutionGuid = {89B29366-41D4-41E7-AC03-024DDD31B58D}
	EndGlobalSection
EndGlobal
